// !$*UTF8*$!
{
	archiveVersion = 1;
	classes = {
	};
	objectVersion = 77;
	objects = {

/* Begin PBXBuildFile section */
		5980806A2E33BBE0006945D9 /* KeychainAccess in Frameworks */ = {isa = PBXBuildFile; productRef = 598080692E33BBE0006945D9 /* KeychainAccess */; };
/* End PBXBuildFile section */

/* Begin PBXContainerItemProxy section */
		594AA9B12CF6622300A8451F /* PBXContainerItemProxy */ = {
			isa = PBXContainerItemProxy;
			containerPortal = 594AA9982CF6621F00A8451F /* Project object */;
			proxyType = 1;
			remoteGlobalIDString = 594AA99F2CF6621F00A8451F;
			remoteInfo = ProwlarriOS;
		};
		594AA9BB2CF6622300A8451F /* PBXContainerItemProxy */ = {
			isa = PBXContainerItemProxy;
			containerPortal = 594AA9982CF6621F00A8451F /* Project object */;
			proxyType = 1;
			remoteGlobalIDString = 594AA99F2CF6621F00A8451F;
			remoteInfo = ProwlarriOS;
		};
/* End PBXContainerItemProxy section */

/* Begin PBXFileReference section */
		594AA9A02CF6621F00A8451F /* ProwlarriOS.app */ = {isa = PBXFileReference; explicitFileType = wrapper.application; includeInIndex = 0; path = ProwlarriOS.app; sourceTree = BUILT_PRODUCTS_DIR; };
		594AA9B02CF6622300A8451F /* ProwlarriOSTests.xctest */ = {isa = PBXFileReference; explicitFileType = wrapper.cfbundle; includeInIndex = 0; path = ProwlarriOSTests.xctest; sourceTree = BUILT_PRODUCTS_DIR; };
		594AA9BA2CF6622300A8451F /* ProwlarriOSUITests.xctest */ = {isa = PBXFileReference; explicitFileType = wrapper.cfbundle; includeInIndex = 0; path = ProwlarriOSUITests.xctest; sourceTree = BUILT_PRODUCTS_DIR; };
/* End PBXFileReference section */

/* Begin PBXFileSystemSynchronizedRootGroup section */
		594AA9A22CF6621F00A8451F /* ProwlarriOS */ = {
			isa = PBXFileSystemSynchronizedRootGroup;
			path = ProwlarriOS;
			sourceTree = "<group>";
		};
		594AA9B32CF6622300A8451F /* ProwlarriOSTests */ = {
			isa = PBXFileSystemSynchronizedRootGroup;
			path = ProwlarriOSTests;
			sourceTree = "<group>";
		};
		594AA9BD2CF6622300A8451F /* ProwlarriOSUITests */ = {
			isa = PBXFileSystemSynchronizedRootGroup;
			path = ProwlarriOSUITests;
			sourceTree = "<group>";
		};
/* End PBXFileSystemSynchronizedRootGroup section */

/* Begin PBXFrameworksBuildPhase section */
		594AA99D2CF6621F00A8451F /* Frameworks */ = {
			isa = PBXFrameworksBuildPhase;
			buildActionMask = 2147483647;
			files = (
				5980806A2E33BBE0006945D9 /* KeychainAccess in Frameworks */,
			);
			runOnlyForDeploymentPostprocessing = 0;
		};
		594AA9AD2CF6622300A8451F /* Frameworks */ = {
			isa = PBXFrameworksBuildPhase;
			buildActionMask = 2147483647;
			files = (
			);
			runOnlyForDeploymentPostprocessing = 0;
		};
		594AA9B72CF6622300A8451F /* Frameworks */ = {
			isa = PBXFrameworksBuildPhase;
			buildActionMask = 2147483647;
			files = (
			);
			runOnlyForDeploymentPostprocessing = 0;
		};
/* End PBXFrameworksBuildPhase section */

/* Begin PBXGroup section */
		594AA9972CF6621F00A8451F = {
			isa = PBXGroup;
			children = (
				594AA9A22CF6621F00A8451F /* ProwlarriOS */,
				594AA9B32CF6622300A8451F /* ProwlarriOSTests */,
				594AA9BD2CF6622300A8451F /* ProwlarriOSUITests */,
				594AA9A12CF6621F00A8451F /* Products */,
			);
			sourceTree = "<group>";
		};
		594AA9A12CF6621F00A8451F /* Products */ = {
			isa = PBXGroup;
			children = (
				594AA9A02CF6621F00A8451F /* ProwlarriOS.app */,
				594AA9B02CF6622300A8451F /* ProwlarriOSTests.xctest */,
				594AA9BA2CF6622300A8451F /* ProwlarriOSUITests.xctest */,
			);
			name = Products;
			sourceTree = "<group>";
		};
/* End PBXGroup section */

/* Begin PBXNativeTarget section */
		594AA99F2CF6621F00A8451F /* ProwlarriOS */ = {
			isa = PBXNativeTarget;
			buildConfigurationList = 594AA9C42CF6622300A8451F /* Build configuration list for PBXNativeTarget "ProwlarriOS" */;
			buildPhases = (
				594AA99C2CF6621F00A8451F /* Sources */,
				594AA99D2CF6621F00A8451F /* Frameworks */,
				594AA99E2CF6621F00A8451F /* Resources */,
				598081262E3408FB006945D9 /* Increment Build Number */,
			);
			buildRules = (
			);
			dependencies = (
			);
			fileSystemSynchronizedGroups = (
				594AA9A22CF6621F00A8451F /* ProwlarriOS */,
			);
			name = ProwlarriOS;
			packageProductDependencies = (
				598080692E33BBE0006945D9 /* KeychainAccess */,
			);
			productName = ProwlarriOS;
			productReference = 594AA9A02CF6621F00A8451F /* ProwlarriOS.app */;
			productType = "com.apple.product-type.application";
		};
		594AA9AF2CF6622300A8451F /* ProwlarriOSTests */ = {
			isa = PBXNativeTarget;
			buildConfigurationList = 594AA9C72CF6622300A8451F /* Build configuration list for PBXNativeTarget "ProwlarriOSTests" */;
			buildPhases = (
				594AA9AC2CF6622300A8451F /* Sources */,
				594AA9AD2CF6622300A8451F /* Frameworks */,
				594AA9AE2CF6622300A8451F /* Resources */,
			);
			buildRules = (
			);
			dependencies = (
				594AA9B22CF6622300A8451F /* PBXTargetDependency */,
			);
			fileSystemSynchronizedGroups = (
				594AA9B32CF6622300A8451F /* ProwlarriOSTests */,
			);
			name = ProwlarriOSTests;
			packageProductDependencies = (
			);
			productName = ProwlarriOSTests;
			productReference = 594AA9B02CF6622300A8451F /* ProwlarriOSTests.xctest */;
			productType = "com.apple.product-type.bundle.unit-test";
		};
		594AA9B92CF6622300A8451F /* ProwlarriOSUITests */ = {
			isa = PBXNativeTarget;
			buildConfigurationList = 594AA9CA2CF6622300A8451F /* Build configuration list for PBXNativeTarget "ProwlarriOSUITests" */;
			buildPhases = (
				594AA9B62CF6622300A8451F /* Sources */,
				594AA9B72CF6622300A8451F /* Frameworks */,
				594AA9B82CF6622300A8451F /* Resources */,
			);
			buildRules = (
			);
			dependencies = (
				594AA9BC2CF6622300A8451F /* PBXTargetDependency */,
			);
			fileSystemSynchronizedGroups = (
				594AA9BD2CF6622300A8451F /* ProwlarriOSUITests */,
			);
			name = ProwlarriOSUITests;
			packageProductDependencies = (
			);
			productName = ProwlarriOSUITests;
			productReference = 594AA9BA2CF6622300A8451F /* ProwlarriOSUITests.xctest */;
			productType = "com.apple.product-type.bundle.ui-testing";
		};
/* End PBXNativeTarget section */

/* Begin PBXProject section */
		594AA9982CF6621F00A8451F /* Project object */ = {
			isa = PBXProject;
			attributes = {
				BuildIndependentTargetsInParallel = 1;
				LastSwiftUpdateCheck = 1610;
				LastUpgradeCheck = 1610;
				TargetAttributes = {
					594AA99F2CF6621F00A8451F = {
						CreatedOnToolsVersion = 16.1;
					};
					594AA9AF2CF6622300A8451F = {
						CreatedOnToolsVersion = 16.1;
						TestTargetID = 594AA99F2CF6621F00A8451F;
					};
					594AA9B92CF6622300A8451F = {
						CreatedOnToolsVersion = 16.1;
						TestTargetID = 594AA99F2CF6621F00A8451F;
					};
				};
			};
			buildConfigurationList = 594AA99B2CF6621F00A8451F /* Build configuration list for PBXProject "ProwlarriOS" */;
			developmentRegion = en;
			hasScannedForEncodings = 0;
			knownRegions = (
				en,
				Base,
			);
			mainGroup = 594AA9972CF6621F00A8451F;
			minimizedProjectReferenceProxies = 1;
			packageReferences = (
				598080682E33BAE2006945D9 /* XCRemoteSwiftPackageReference "KeychainAccess" */,
			);
			preferredProjectObjectVersion = 77;
			productRefGroup = 594AA9A12CF6621F00A8451F /* Products */;
			projectDirPath = "";
			projectRoot = "";
			targets = (
				594AA99F2CF6621F00A8451F /* ProwlarriOS */,
				594AA9AF2CF6622300A8451F /* ProwlarriOSTests */,
				594AA9B92CF6622300A8451F /* ProwlarriOSUITests */,
			);
		};
/* End PBXProject section */

/* Begin PBXResourcesBuildPhase section */
		594AA99E2CF6621F00A8451F /* Resources */ = {
			isa = PBXResourcesBuildPhase;
			buildActionMask = 2147483647;
			files = (
			);
			runOnlyForDeploymentPostprocessing = 0;
		};
		594AA9AE2CF6622300A8451F /* Resources */ = {
			isa = PBXResourcesBuildPhase;
			buildActionMask = 2147483647;
			files = (
			);
			runOnlyForDeploymentPostprocessing = 0;
		};
		594AA9B82CF6622300A8451F /* Resources */ = {
			isa = PBXResourcesBuildPhase;
			buildActionMask = 2147483647;
			files = (
			);
			runOnlyForDeploymentPostprocessing = 0;
		};
/* End PBXResourcesBuildPhase section */

/* Begin PBXShellScriptBuildPhase section */
		598081262E3408FB006945D9 /* Increment Build Number */ = {
			isa = PBXShellScriptBuildPhase;
			buildActionMask = 2147483647;
			files = (
			);
			inputFileListPaths = (
			);
			inputPaths = (
			);
			name = "Increment Build Number";
			outputFileListPaths = (
			);
			outputPaths = (
			);
			runOnlyForDeploymentPostprocessing = 0;
			shellPath = /bin/sh;
			shellScript = "# Imposta il percorso corretto per gli strumenti a riga di comando\nexport PATH=\"/usr/bin:/bin:/usr/sbin:/sbin:/usr/local/bin:$PATH\"\n\n# Abilita il debug per vedere i comandi eseguiti\nset -x\n\n# Vai alla directory del progetto\ncd \"${PROJECT_DIR}\"\n\n# Incrementa il numero di build usando agvtool\n# Questo è il metodo raccomandato da Apple e più robusto\nagvtool next-version -all\n\n# Disabilita il debug\nset +x\n";
		};
/* End PBXShellScriptBuildPhase section */

/* Begin PBXSourcesBuildPhase section */
		594AA99C2CF6621F00A8451F /* Sources */ = {
			isa = PBXSourcesBuildPhase;
			buildActionMask = 2147483647;
			files = (
			);
			runOnlyForDeploymentPostprocessing = 0;
		};
		594AA9AC2CF6622300A8451F /* Sources */ = {
			isa = PBXSourcesBuildPhase;
			buildActionMask = 2147483647;
			files = (
			);
			runOnlyForDeploymentPostprocessing = 0;
		};
		594AA9B62CF6622300A8451F /* Sources */ = {
			isa = PBXSourcesBuildPhase;
			buildActionMask = 2147483647;
			files = (
			);
			runOnlyForDeploymentPostprocessing = 0;
		};
/* End PBXSourcesBuildPhase section */

/* Begin PBXTargetDependency section */
		594AA9B22CF6622300A8451F /* PBXTargetDependency */ = {
			isa = PBXTargetDependency;
			target = 594AA99F2CF6621F00A8451F /* ProwlarriOS */;
			targetProxy = 594AA9B12CF6622300A8451F /* PBXContainerItemProxy */;
		};
		594AA9BC2CF6622300A8451F /* PBXTargetDependency */ = {
			isa = PBXTargetDependency;
			target = 594AA99F2CF6621F00A8451F /* ProwlarriOS */;
			targetProxy = 594AA9BB2CF6622300A8451F /* PBXContainerItemProxy */;
		};
/* End PBXTargetDependency section */

/* Begin XCBuildConfiguration section */
		594AA9C22CF6622300A8451F /* Debug */ = {
			isa = XCBuildConfiguration;
			buildSettings = {
				ALWAYS_SEARCH_USER_PATHS = NO;
				ASSETCATALOG_COMPILER_GENERATE_SWIFT_ASSET_SYMBOL_EXTENSIONS = YES;
				CLANG_ANALYZER_NONNULL = YES;
				CLANG_ANALYZER_NUMBER_OBJECT_CONVERSION = YES_AGGRESSIVE;
				CLANG_CXX_LANGUAGE_STANDARD = "gnu++20";
				CLANG_ENABLE_MODULES = YES;
				CLANG_ENABLE_OBJC_ARC = YES;
				CLANG_ENABLE_OBJC_WEAK = YES;
				CLANG_WARN_BLOCK_CAPTURE_AUTORELEASING = YES;
				CLANG_WARN_BOOL_CONVERSION = YES;
				CLANG_WARN_COMMA = YES;
				CLANG_WARN_CONSTANT_CONVERSION = YES;
				CLANG_WARN_DEPRECATED_OBJC_IMPLEMENTATIONS = YES;
				CLANG_WARN_DIRECT_OBJC_ISA_USAGE = YES_ERROR;
				CLANG_WARN_DOCUMENTATION_COMMENTS = YES;
				CLANG_WARN_EMPTY_BODY = YES;
				CLANG_WARN_ENUM_CONVERSION = YES;
				CLANG_WARN_INFINITE_RECURSION = YES;
				CLANG_WARN_INT_CONVERSION = YES;
				CLANG_WARN_NON_LITERAL_NULL_CONVERSION = YES;
				CLANG_WARN_OBJC_IMPLICIT_RETAIN_SELF = YES;
				CLANG_WARN_OBJC_LITERAL_CONVERSION = YES;
				CLANG_WARN_OBJC_ROOT_CLASS = YES_ERROR;
				CLANG_WARN_QUOTED_INCLUDE_IN_FRAMEWORK_HEADER = YES;
				CLANG_WARN_RANGE_LOOP_ANALYSIS = YES;
				CLANG_WARN_STRICT_PROTOTYPES = YES;
				CLANG_WARN_SUSPICIOUS_MOVE = YES;
				CLANG_WARN_UNGUARDED_AVAILABILITY = YES_AGGRESSIVE;
				CLANG_WARN_UNREACHABLE_CODE = YES;
				CLANG_WARN__DUPLICATE_METHOD_MATCH = YES;
				COPY_PHASE_STRIP = NO;
				DEBUG_INFORMATION_FORMAT = dwarf;
				ENABLE_STRICT_OBJC_MSGSEND = YES;
				ENABLE_TESTABILITY = YES;
				ENABLE_USER_SCRIPT_SANDBOXING = YES;
				GCC_C_LANGUAGE_STANDARD = gnu17;
				GCC_DYNAMIC_NO_PIC = NO;
				GCC_NO_COMMON_BLOCKS = YES;
				GCC_OPTIMIZATION_LEVEL = 0;
				GCC_PREPROCESSOR_DEFINITIONS = (
					"DEBUG=1",
					"$(inherited)",
				);
				GCC_WARN_64_TO_32_BIT_CONVERSION = YES;
				GCC_WARN_ABOUT_RETURN_TYPE = YES_ERROR;
				GCC_WARN_UNDECLARED_SELECTOR = YES;
				GCC_WARN_UNINITIALIZED_AUTOS = YES_AGGRESSIVE;
				GCC_WARN_UNUSED_FUNCTION = YES;
				GCC_WARN_UNUSED_VARIABLE = YES;
				IPHONEOS_DEPLOYMENT_TARGET = 18.1;
				LOCALIZATION_PREFERS_STRING_CATALOGS = YES;
				MTL_ENABLE_DEBUG_INFO = INCLUDE_SOURCE;
				MTL_FAST_MATH = YES;
				ONLY_ACTIVE_ARCH = YES;
				SDKROOT = iphoneos;
				SWIFT_ACTIVE_COMPILATION_CONDITIONS = "DEBUG $(inherited)";
				SWIFT_OPTIMIZATION_LEVEL = "-Onone";
			};
			name = Debug;
		};
		594AA9C32CF6622300A8451F /* Release */ = {
			isa = XCBuildConfiguration;
			buildSettings = {
				ALWAYS_SEARCH_USER_PATHS = NO;
				ASSETCATALOG_COMPILER_GENERATE_SWIFT_ASSET_SYMBOL_EXTENSIONS = YES;
				CLANG_ANALYZER_NONNULL = YES;
				CLANG_ANALYZER_NUMBER_OBJECT_CONVERSION = YES_AGGRESSIVE;
				CLANG_CXX_LANGUAGE_STANDARD = "gnu++20";
				CLANG_ENABLE_MODULES = YES;
				CLANG_ENABLE_OBJC_ARC = YES;
				CLANG_ENABLE_OBJC_WEAK = YES;
				CLANG_WARN_BLOCK_CAPTURE_AUTORELEASING = YES;
				CLANG_WARN_BOOL_CONVERSION = YES;
				CLANG_WARN_COMMA = YES;
				CLANG_WARN_CONSTANT_CONVERSION = YES;
				CLANG_WARN_DEPRECATED_OBJC_IMPLEMENTATIONS = YES;
				CLANG_WARN_DIRECT_OBJC_ISA_USAGE = YES_ERROR;
				CLANG_WARN_DOCUMENTATION_COMMENTS = YES;
				CLANG_WARN_EMPTY_BODY = YES;
				CLANG_WARN_ENUM_CONVERSION = YES;
				CLANG_WARN_INFINITE_RECURSION = YES;
				CLANG_WARN_INT_CONVERSION = YES;
				CLANG_WARN_NON_LITERAL_NULL_CONVERSION = YES;
				CLANG_WARN_OBJC_IMPLICIT_RETAIN_SELF = YES;
				CLANG_WARN_OBJC_LITERAL_CONVERSION = YES;
				CLANG_WARN_OBJC_ROOT_CLASS = YES_ERROR;
				CLANG_WARN_QUOTED_INCLUDE_IN_FRAMEWORK_HEADER = YES;
				CLANG_WARN_RANGE_LOOP_ANALYSIS = YES;
				CLANG_WARN_STRICT_PROTOTYPES = YES;
				CLANG_WARN_SUSPICIOUS_MOVE = YES;
				CLANG_WARN_UNGUARDED_AVAILABILITY = YES_AGGRESSIVE;
				CLANG_WARN_UNREACHABLE_CODE = YES;
				CLANG_WARN__DUPLICATE_METHOD_MATCH = YES;
				COPY_PHASE_STRIP = NO;
				DEBUG_INFORMATION_FORMAT = "dwarf-with-dsym";
				ENABLE_NS_ASSERTIONS = NO;
				ENABLE_STRICT_OBJC_MSGSEND = YES;
				ENABLE_USER_SCRIPT_SANDBOXING = YES;
				GCC_C_LANGUAGE_STANDARD = gnu17;
				GCC_NO_COMMON_BLOCKS = YES;
				GCC_WARN_64_TO_32_BIT_CONVERSION = YES;
				GCC_WARN_ABOUT_RETURN_TYPE = YES_ERROR;
				GCC_WARN_UNDECLARED_SELECTOR = YES;
				GCC_WARN_UNINITIALIZED_AUTOS = YES_AGGRESSIVE;
				GCC_WARN_UNUSED_FUNCTION = YES;
				GCC_WARN_UNUSED_VARIABLE = YES;
				IPHONEOS_DEPLOYMENT_TARGET = 18.1;
				LOCALIZATION_PREFERS_STRING_CATALOGS = YES;
				MTL_ENABLE_DEBUG_INFO = NO;
				MTL_FAST_MATH = YES;
				SDKROOT = iphoneos;
				SWIFT_COMPILATION_MODE = wholemodule;
				VALIDATE_PRODUCT = YES;
			};
			name = Release;
		};
		594AA9C52CF6622300A8451F /* Debug */ = {
			isa = XCBuildConfiguration;
			buildSettings = {
				ASSETCATALOG_COMPILER_APPICON_NAME = AppIcon;
				ASSETCATALOG_COMPILER_GLOBAL_ACCENT_COLOR_NAME = AccentColor;
				CODE_SIGN_STYLE = Automatic;
				CURRENT_PROJECT_VERSION = 2;
				DEVELOPMENT_ASSET_PATHS = "\"ProwlarriOS/Preview Content\"";
				DEVELOPMENT_TEAM = KGVQ3PV5M4;
				ENABLE_PREVIEWS = YES;
				GENERATE_INFOPLIST_FILE = YES;
				INFOPLIST_KEY_CFBundleDisplayName = BitProwler;
				INFOPLIST_KEY_UIApplicationSceneManifest_Generation = YES;
				INFOPLIST_KEY_UIApplicationSupportsIndirectInputEvents = YES;
				INFOPLIST_KEY_UILaunchScreen_Generation = YES;
				INFOPLIST_KEY_UISupportedInterfaceOrientations_iPad = "UIInterfaceOrientationPortrait UIInterfaceOrientationPortraitUpsideDown UIInterfaceOrientationLandscapeLeft UIInterfaceOrientationLandscapeRight";
				INFOPLIST_KEY_UISupportedInterfaceOrientations_iPhone = "UIInterfaceOrientationPortrait UIInterfaceOrientationLandscapeLeft UIInterfaceOrientationLandscapeRight";
				LD_RUNPATH_SEARCH_PATHS = (
					"$(inherited)",
					"@executable_path/Frameworks",
				);
				MARKETING_VERSION = 0.10.0;
				PRODUCT_BUNDLE_IDENTIFIER = com.leosolari.utm.ProwlarriOS;
				PRODUCT_NAME = "$(TARGET_NAME)";
				SWIFT_EMIT_LOC_STRINGS = YES;
				SWIFT_VERSION = 5.0;
				TARGETED_DEVICE_FAMILY = "1,2";
			};
			name = Debug;
		};
		594AA9C62CF6622300A8451F /* Release */ = {
			isa = XCBuildConfiguration;
			buildSettings = {
				ASSETCATALOG_COMPILER_APPICON_NAME = AppIcon;
				ASSETCATALOG_COMPILER_GLOBAL_ACCENT_COLOR_NAME = AccentColor;
				CODE_SIGN_STYLE = Automatic;
				CURRENT_PROJECT_VERSION = 2;
				DEVELOPMENT_ASSET_PATHS = "\"ProwlarriOS/Preview Content\"";
				DEVELOPMENT_TEAM = KGVQ3PV5M4;
				ENABLE_PREVIEWS = YES;
				GENERATE_INFOPLIST_FILE = YES;
				INFOPLIST_KEY_CFBundleDisplayName = BitProwler;
				INFOPLIST_KEY_UIApplicationSceneManifest_Generation = YES;
				INFOPLIST_KEY_UIApplicationSupportsIndirectInputEvents = YES;
				INFOPLIST_KEY_UILaunchScreen_Generation = YES;
				INFOPLIST_KEY_UISupportedInterfaceOrientations_iPad = "UIInterfaceOrientationPortrait UIInterfaceOrientationPortraitUpsideDown UIInterfaceOrientationLandscapeLeft UIInterfaceOrientationLandscapeRight";
				INFOPLIST_KEY_UISupportedInterfaceOrientations_iPhone = "UIInterfaceOrientationPortrait UIInterfaceOrientationLandscapeLeft UIInterfaceOrientationLandscapeRight";
				LD_RUNPATH_SEARCH_PATHS = (
					"$(inherited)",
					"@executable_path/Frameworks",
				);
				MARKETING_VERSION = 0.10.0;
				PRODUCT_BUNDLE_IDENTIFIER = com.leosolari.utm.ProwlarriOS;
				PRODUCT_NAME = "$(TARGET_NAME)";
				SWIFT_EMIT_LOC_STRINGS = YES;
				SWIFT_VERSION = 5.0;
				TARGETED_DEVICE_FAMILY = "1,2";
			};
			name = Release;
		};
		594AA9C82CF6622300A8451F /* Debug */ = {
			isa = XCBuildConfiguration;
			buildSettings = {
				BUNDLE_LOADER = "$(TEST_HOST)";
				CODE_SIGN_STYLE = Automatic;
				CURRENT_PROJECT_VERSION = 2;
				GENERATE_INFOPLIST_FILE = YES;
				IPHONEOS_DEPLOYMENT_TARGET = 18.1;
				MARKETING_VERSION = 1.0;
				PRODUCT_BUNDLE_IDENTIFIER = com.leosolari.utm.ProwlarriOSTests;
				PRODUCT_NAME = "$(TARGET_NAME)";
				SWIFT_EMIT_LOC_STRINGS = NO;
				SWIFT_VERSION = 5.0;
				TARGETED_DEVICE_FAMILY = "1,2";
				TEST_HOST = "$(BUILT_PRODUCTS_DIR)/ProwlarriOS.app/$(BUNDLE_EXECUTABLE_FOLDER_PATH)/ProwlarriOS";
			};
			name = Debug;
		};
		594AA9C92CF6622300A8451F /* Release */ = {
			isa = XCBuildConfiguration;
			buildSettings = {
				BUNDLE_LOADER = "$(TEST_HOST)";
				CODE_SIGN_STYLE = Automatic;
				CURRENT_PROJECT_VERSION = 2;
				GENERATE_INFOPLIST_FILE = YES;
				IPHONEOS_DEPLOYMENT_TARGET = 18.1;
				MARKETING_VERSION = 1.0;
				PRODUCT_BUNDLE_IDENTIFIER = com.leosolari.utm.ProwlarriOSTests;
				PRODUCT_NAME = "$(TARGET_NAME)";
				SWIFT_EMIT_LOC_STRINGS = NO;
				SWIFT_VERSION = 5.0;
				TARGETED_DEVICE_FAMILY = "1,2";
				TEST_HOST = "$(BUILT_PRODUCTS_DIR)/ProwlarriOS.app/$(BUNDLE_EXECUTABLE_FOLDER_PATH)/ProwlarriOS";
			};
			name = Release;
		};
		594AA9CB2CF6622300A8451F /* Debug */ = {
			isa = XCBuildConfiguration;
			buildSettings = {
				CODE_SIGN_STYLE = Automatic;
				CURRENT_PROJECT_VERSION = 2;
				GENERATE_INFOPLIST_FILE = YES;
				MARKETING_VERSION = 1.0;
				PRODUCT_BUNDLE_IDENTIFIER = com.leosolari.utm.ProwlarriOSUITests;
				PRODUCT_NAME = "$(TARGET_NAME)";
				SWIFT_EMIT_LOC_STRINGS = NO;
				SWIFT_VERSION = 5.0;
				TARGETED_DEVICE_FAMILY = "1,2";
				TEST_TARGET_NAME = ProwlarriOS;
			};
			name = Debug;
		};
		594AA9CC2CF6622300A8451F /* Release */ = {
			isa = XCBuildConfiguration;
			buildSettings = {
				CODE_SIGN_STYLE = Automatic;
				CURRENT_PROJECT_VERSION = 2;
				GENERATE_INFOPLIST_FILE = YES;
				MARKETING_VERSION = 1.0;
				PRODUCT_BUNDLE_IDENTIFIER = com.leosolari.utm.ProwlarriOSUITests;
				PRODUCT_NAME = "$(TARGET_NAME)";
				SWIFT_EMIT_LOC_STRINGS = NO;
				SWIFT_VERSION = 5.0;
				TARGETED_DEVICE_FAMILY = "1,2";
				TEST_TARGET_NAME = ProwlarriOS;
			};
			name = Release;
		};
/* End XCBuildConfiguration section */

/* Begin XCConfigurationList section */
		594AA99B2CF6621F00A8451F /* Build configuration list for PBXProject "ProwlarriOS" */ = {
			isa = XCConfigurationList;
			buildConfigurations = (
				594AA9C22CF6622300A8451F /* Debug */,
				594AA9C32CF6622300A8451F /* Release */,
			);
			defaultConfigurationIsVisible = 0;
			defaultConfigurationName = Release;
		};
		594AA9C42CF6622300A8451F /* Build configuration list for PBXNativeTarget "ProwlarriOS" */ = {
			isa = XCConfigurationList;
			buildConfigurations = (
				594AA9C52CF6622300A8451F /* Debug */,
				594AA9C62CF6622300A8451F /* Release */,
			);
			defaultConfigurationIsVisible = 0;
			defaultConfigurationName = Release;
		};
		594AA9C72CF6622300A8451F /* Build configuration list for PBXNativeTarget "ProwlarriOSTests" */ = {
			isa = XCConfigurationList;
			buildConfigurations = (
				594AA9C82CF6622300A8451F /* Debug */,
				594AA9C92CF6622300A8451F /* Release */,
			);
			defaultConfigurationIsVisible = 0;
			defaultConfigurationName = Release;
		};
		594AA9CA2CF6622300A8451F /* Build configuration list for PBXNativeTarget "ProwlarriOSUITests" */ = {
			isa = XCConfigurationList;
			buildConfigurations = (
				594AA9CB2CF6622300A8451F /* Debug */,
				594AA9CC2CF6622300A8451F /* Release */,
			);
			defaultConfigurationIsVisible = 0;
			defaultConfigurationName = Release;
		};
/* End XCConfigurationList section */

/* Begin XCRemoteSwiftPackageReference section */
		598080682E33BAE2006945D9 /* XCRemoteSwiftPackageReference "KeychainAccess" */ = {
			isa = XCRemoteSwiftPackageReference;
			repositoryURL = "https://github.com/kishikawakatsumi/KeychainAccess.git";
			requirement = {
				branch = master;
				kind = branch;
			};
		};
/* End XCRemoteSwiftPackageReference section */

/* Begin XCSwiftPackageProductDependency section */
		598080692E33BBE0006945D9 /* KeychainAccess */ = {
			isa = XCSwiftPackageProductDependency;
			package = 598080682E33BAE2006945D9 /* XCRemoteSwiftPackageReference "KeychainAccess" */;
			productName = KeychainAccess;
		};
/* End XCSwiftPackageProductDependency section */
	};
	rootObject = 594AA9982CF6621F00A8451F /* Project object */;
}
